
Microsoft Visual Studio Solution File, Format Version 12.00
# Visual Studio Version 17
VisualStudioVersion = 17.4.33122.133
MinimumVisualStudioVersion = 10.0.40219.1
Project("{FAE04EC0-301F-11D3-BF4B-00C04F79EFBC}") = "Binary Search", "Binary Search\Binary Search.csproj", "{589B1992-9BCD-4C37-B907-0DDAA633F629}"
EndProject
Global
	GlobalSection(SolutionConfigurationPlatforms) = preSolution
		Debug|Any CPU = Debug|Any CPU
		Release|Any CPU = Release|Any CPU
	EndGlobalSection
	GlobalSection(ProjectConfigurationPlatforms) = postSolution
		{589B1992-9BCD-4C37-B907-0DDAA633F629}.Debug|Any CPU.ActiveCfg = Debug|Any CPU
		{589B1992-9BCD-4C37-B907-0DDAA633F629}.Debug|Any CPU.Build.0 = Debug|Any CPU
		{589B1992-9BCD-4C37-B907-0DDAA633F629}.Release|Any CPU.ActiveCfg = Release|Any CPU
		{589B1992-9BCD-4C37-B907-0DDAA633F629}.Release|Any CPU.Build.0 = Release|Any CPU
	EndGlobalSection
	GlobalSection(SolutionProperties) = preSolution
		HideSolutionNode = FALSE
	EndGlobalSection
	GlobalSection(ExtensibilityGlobals) = postSolution
		SolutionGuid = {7286D0C7-B5D8-4CC2-972C-792FC115FA2A}
	EndGlobalSection
EndGlobal
